
Microsoft Visual Studio Solution File, Format Version 12.00
# Visual Studio Version 17
VisualStudioVersion = 17.5.33414.496
MinimumVisualStudioVersion = 10.0.40219.1
Project("{9A19103F-16F7-4668-BE54-9A1E7A4F7556}") = "BusinessLayer", "BusinessLayer\BusinessLayer.csproj", "{59434155-7B28-4FFF-A1D3-791D73CF78E3}"
EndProject
Project("{9A19103F-16F7-4668-BE54-9A1E7A4F7556}") = "Pathfinding", "Pathfinding\Pathfinding.csproj", "{D68D6C81-C899-41C2-A257-1B6CACA2047E}"
EndProject
Project("{9A19103F-16F7-4668-BE54-9A1E7A4F7556}") = "DataLayer", "DataLayer\DataLayer.csproj", "{82C240BB-6138-4935-9082-164C793C54B5}"
EndProject
Project("{FAE04EC0-301F-11D3-BF4B-00C04F79EFBC}") = "ServiceLayer", "ServiceLayer\ServiceLayer.csproj", "{4DF300C1-B6FE-4A30-9804-D48515AD8681}"
EndProject
Project("{FAE04EC0-301F-11D3-BF4B-00C04F79EFBC}") = "TestingLayer", "TestingLayer\TestingLayer.csproj", "{5C871443-8D48-42C3-AA24-89E0FC0540F5}"
EndProject
Global
	GlobalSection(SolutionConfigurationPlatforms) = preSolution
		Debug|Any CPU = Debug|Any CPU
		Release|Any CPU = Release|Any CPU
	EndGlobalSection
	GlobalSection(ProjectConfigurationPlatforms) = postSolution
		{59434155-7B28-4FFF-A1D3-791D73CF78E3}.Debug|Any CPU.ActiveCfg = Debug|Any CPU
		{59434155-7B28-4FFF-A1D3-791D73CF78E3}.Debug|Any CPU.Build.0 = Debug|Any CPU
		{59434155-7B28-4FFF-A1D3-791D73CF78E3}.Release|Any CPU.ActiveCfg = Release|Any CPU
		{59434155-7B28-4FFF-A1D3-791D73CF78E3}.Release|Any CPU.Build.0 = Release|Any CPU
		{D68D6C81-C899-41C2-A257-1B6CACA2047E}.Debug|Any CPU.ActiveCfg = Debug|Any CPU
		{D68D6C81-C899-41C2-A257-1B6CACA2047E}.Debug|Any CPU.Build.0 = Debug|Any CPU
		{D68D6C81-C899-41C2-A257-1B6CACA2047E}.Release|Any CPU.ActiveCfg = Release|Any CPU
		{D68D6C81-C899-41C2-A257-1B6CACA2047E}.Release|Any CPU.Build.0 = Release|Any CPU
		{82C240BB-6138-4935-9082-164C793C54B5}.Debug|Any CPU.ActiveCfg = Debug|Any CPU
		{82C240BB-6138-4935-9082-164C793C54B5}.Debug|Any CPU.Build.0 = Debug|Any CPU
		{82C240BB-6138-4935-9082-164C793C54B5}.Release|Any CPU.ActiveCfg = Release|Any CPU
		{82C240BB-6138-4935-9082-164C793C54B5}.Release|Any CPU.Build.0 = Release|Any CPU
		{4DF300C1-B6FE-4A30-9804-D48515AD8681}.Debug|Any CPU.ActiveCfg = Debug|Any CPU
		{4DF300C1-B6FE-4A30-9804-D48515AD8681}.Debug|Any CPU.Build.0 = Debug|Any CPU
		{4DF300C1-B6FE-4A30-9804-D48515AD8681}.Release|Any CPU.ActiveCfg = Release|Any CPU
		{4DF300C1-B6FE-4A30-9804-D48515AD8681}.Release|Any CPU.Build.0 = Release|Any CPU
		{5C871443-8D48-42C3-AA24-89E0FC0540F5}.Debug|Any CPU.ActiveCfg = Debug|Any CPU
		{5C871443-8D48-42C3-AA24-89E0FC0540F5}.Debug|Any CPU.Build.0 = Debug|Any CPU
		{5C871443-8D48-42C3-AA24-89E0FC0540F5}.Release|Any CPU.ActiveCfg = Release|Any CPU
		{5C871443-8D48-42C3-AA24-89E0FC0540F5}.Release|Any CPU.Build.0 = Release|Any CPU
	EndGlobalSection
	GlobalSection(SolutionProperties) = preSolution
		HideSolutionNode = FALSE
	EndGlobalSection
	GlobalSection(ExtensibilityGlobals) = postSolution
		SolutionGuid = {BB115081-83CC-43AB-9A68-6F2CB92D8DA8}
	EndGlobalSection
EndGlobal
